
Microsoft Visual Studio Solution File, Format Version 12.00
# Visual Studio Version 16
VisualStudioVersion = 16.0.29613.14
MinimumVisualStudioVersion = 10.0.40219.1
Project("{FAE04EC0-301F-11D3-BF4B-00C04F79EFBC}") = "ThermalMonitorAnalytics", "ThermalMonitorAnalytics\ThermalMonitorAnalytics.csproj", "{C541445B-9978-411D-8282-5506C5A2ECDF}"
	ProjectSection(ProjectDependencies) = postProject
		{3B1B2918-CB93-4570-9133-2B2B6D02B0D2} = {3B1B2918-CB93-4570-9133-2B2B6D02B0D2}
	EndProjectSection
EndProject
Project("{FAE04EC0-301F-11D3-BF4B-00C04F79EFBC}") = "ThermalMonitor", "ThermalMonitor\ThermalMonitor.csproj", "{3B1B2918-CB93-4570-9133-2B2B6D02B0D2}"
EndProject
Project("{FAE04EC0-301F-11D3-BF4B-00C04F79EFBC}") = "Common", "Common\Common.csproj", "{6D749175-D239-4991-99DF-B9F6D32E27AE}"
EndProject
Global
	GlobalSection(SolutionConfigurationPlatforms) = preSolution
		Debug|Any CPU = Debug|Any CPU
		Release|Any CPU = Release|Any CPU
	EndGlobalSection
	GlobalSection(ProjectConfigurationPlatforms) = postSolution
		{C541445B-9978-411D-8282-5506C5A2ECDF}.Debug|Any CPU.ActiveCfg = Debug|Any CPU
		{C541445B-9978-411D-8282-5506C5A2ECDF}.Debug|Any CPU.Build.0 = Debug|Any CPU
		{C541445B-9978-411D-8282-5506C5A2ECDF}.Release|Any CPU.ActiveCfg = Release|Any CPU
		{C541445B-9978-411D-8282-5506C5A2ECDF}.Release|Any CPU.Build.0 = Release|Any CPU
		{3B1B2918-CB93-4570-9133-2B2B6D02B0D2}.Debug|Any CPU.ActiveCfg = Debug|Any CPU
		{3B1B2918-CB93-4570-9133-2B2B6D02B0D2}.Debug|Any CPU.Build.0 = Debug|Any CPU
		{3B1B2918-CB93-4570-9133-2B2B6D02B0D2}.Release|Any CPU.ActiveCfg = Release|Any CPU
		{3B1B2918-CB93-4570-9133-2B2B6D02B0D2}.Release|Any CPU.Build.0 = Release|Any CPU
		{6D749175-D239-4991-99DF-B9F6D32E27AE}.Debug|Any CPU.ActiveCfg = Debug|Any CPU
		{6D749175-D239-4991-99DF-B9F6D32E27AE}.Debug|Any CPU.Build.0 = Debug|Any CPU
		{6D749175-D239-4991-99DF-B9F6D32E27AE}.Release|Any CPU.ActiveCfg = Release|Any CPU
		{6D749175-D239-4991-99DF-B9F6D32E27AE}.Release|Any CPU.Build.0 = Release|Any CPU
	EndGlobalSection
	GlobalSection(SolutionProperties) = preSolution
		HideSolutionNode = FALSE
	EndGlobalSection
	GlobalSection(ExtensibilityGlobals) = postSolution
		SolutionGuid = {C0CAAA36-AF0D-40D6-B870-89B6C4514A10}
	EndGlobalSection
EndGlobal
